
Microsoft Visual Studio Solution File, Format Version 12.00
# Visual Studio Version 16
VisualStudioVersion = 16.0.30114.105
MinimumVisualStudioVersion = 10.0.40219.1
Project("{FAE04EC0-301F-11D3-BF4B-00C04F79EFBC}") = "QuotesApi", "QuotesApi\QuotesApi.csproj", "{750BBE07-3274-4742-AE67-DD439A96175D}"
EndProject
Global
	GlobalSection(SolutionConfigurationPlatforms) = preSolution
		Debug|Any CPU = Debug|Any CPU
		Release|Any CPU = Release|Any CPU
	EndGlobalSection
	GlobalSection(ProjectConfigurationPlatforms) = postSolution
		{750BBE07-3274-4742-AE67-DD439A96175D}.Debug|Any CPU.ActiveCfg = Debug|Any CPU
		{750BBE07-3274-4742-AE67-DD439A96175D}.Debug|Any CPU.Build.0 = Debug|Any CPU
		{750BBE07-3274-4742-AE67-DD439A96175D}.Release|Any CPU.ActiveCfg = Release|Any CPU
		{750BBE07-3274-4742-AE67-DD439A96175D}.Release|Any CPU.Build.0 = Release|Any CPU
	EndGlobalSection
	GlobalSection(SolutionProperties) = preSolution
		HideSolutionNode = FALSE
	EndGlobalSection
	GlobalSection(ExtensibilityGlobals) = postSolution
		SolutionGuid = {5E3E8699-8E68-4723-9D06-934462E2421B}
	EndGlobalSection
EndGlobal
